
Microsoft Visual Studio Solution File, Format Version 12.00
# Visual Studio Version 17
VisualStudioVersion = 17.14.36915.13
MinimumVisualStudioVersion = 10.0.40219.1
Project("{FAE04EC0-301F-11D3-BF4B-00C04F79EFBC}") = "ZAMETKI", "ZAMETKI\ZAMETKI.csproj", "{940BEA4C-D68E-4535-84EB-FF32D8144A96}"
EndProject
Project("{FAE04EC0-301F-11D3-BF4B-00C04F79EFBC}") = "ZAMETKI.Api", "ZAMETKI.Api\ZAMETKI.Api.csproj", "{73942D1D-2240-46E3-BB5E-68BD34C8069E}"
EndProject
Global
	GlobalSection(SolutionConfigurationPlatforms) = preSolution
		Debug|Any CPU = Debug|Any CPU
		Debug|x64 = Debug|x64
		Debug|x86 = Debug|x86
		Release|Any CPU = Release|Any CPU
		Release|x64 = Release|x64
		Release|x86 = Release|x86
	EndGlobalSection
	GlobalSection(ProjectConfigurationPlatforms) = postSolution
		{940BEA4C-D68E-4535-84EB-FF32D8144A96}.Debug|Any CPU.ActiveCfg = Debug|Any CPU
		{940BEA4C-D68E-4535-84EB-FF32D8144A96}.Debug|Any CPU.Build.0 = Debug|Any CPU
		{940BEA4C-D68E-4535-84EB-FF32D8144A96}.Debug|x64.ActiveCfg = Debug|Any CPU
		{940BEA4C-D68E-4535-84EB-FF32D8144A96}.Debug|x64.Build.0 = Debug|Any CPU
		{940BEA4C-D68E-4535-84EB-FF32D8144A96}.Debug|x86.ActiveCfg = Debug|Any CPU
		{940BEA4C-D68E-4535-84EB-FF32D8144A96}.Debug|x86.Build.0 = Debug|Any CPU
		{940BEA4C-D68E-4535-84EB-FF32D8144A96}.Release|Any CPU.ActiveCfg = Release|Any CPU
		{940BEA4C-D68E-4535-84EB-FF32D8144A96}.Release|Any CPU.Build.0 = Release|Any CPU
		{940BEA4C-D68E-4535-84EB-FF32D8144A96}.Release|x64.ActiveCfg = Release|Any CPU
		{940BEA4C-D68E-4535-84EB-FF32D8144A96}.Release|x64.Build.0 = Release|Any CPU
		{940BEA4C-D68E-4535-84EB-FF32D8144A96}.Release|x86.ActiveCfg = Release|Any CPU
		{940BEA4C-D68E-4535-84EB-FF32D8144A96}.Release|x86.Build.0 = Release|Any CPU
		{73942D1D-2240-46E3-BB5E-68BD34C8069E}.Debug|Any CPU.ActiveCfg = Debug|Any CPU
		{73942D1D-2240-46E3-BB5E-68BD34C8069E}.Debug|Any CPU.Build.0 = Debug|Any CPU
		{73942D1D-2240-46E3-BB5E-68BD34C8069E}.Debug|x64.ActiveCfg = Debug|Any CPU
		{73942D1D-2240-46E3-BB5E-68BD34C8069E}.Debug|x64.Build.0 = Debug|Any CPU
		{73942D1D-2240-46E3-BB5E-68BD34C8069E}.Debug|x86.ActiveCfg = Debug|Any CPU
		{73942D1D-2240-46E3-BB5E-68BD34C8069E}.Debug|x86.Build.0 = Debug|Any CPU
		{73942D1D-2240-46E3-BB5E-68BD34C8069E}.Release|Any CPU.ActiveCfg = Release|Any CPU
		{73942D1D-2240-46E3-BB5E-68BD34C8069E}.Release|Any CPU.Build.0 = Release|Any CPU
		{73942D1D-2240-46E3-BB5E-68BD34C8069E}.Release|x64.ActiveCfg = Release|Any CPU
		{73942D1D-2240-46E3-BB5E-68BD34C8069E}.Release|x64.Build.0 = Release|Any CPU
		{73942D1D-2240-46E3-BB5E-68BD34C8069E}.Release|x86.ActiveCfg = Release|Any CPU
		{73942D1D-2240-46E3-BB5E-68BD34C8069E}.Release|x86.Build.0 = Release|Any CPU
	EndGlobalSection
	GlobalSection(SolutionProperties) = preSolution
		HideSolutionNode = FALSE
	EndGlobalSection
	GlobalSection(ExtensibilityGlobals) = postSolution
		SolutionGuid = {688906FD-2401-4735-8760-BFD0488334A9}
	EndGlobalSection
EndGlobal
